
Microsoft Visual Studio Solution File, Format Version 12.00
# Visual Studio Version 17
VisualStudioVersion = 17.7.34031.279
MinimumVisualStudioVersion = 10.0.40219.1
Project("{FAE04EC0-301F-11D3-BF4B-00C04F79EFBC}") = "Wallet_App_Backend", "Wallet_App_Backend\Wallet_App_Backend.csproj", "{D74090D3-83EE-4E3B-9A10-1DD35A4F2ED4}"
EndProject
Global
	GlobalSection(SolutionConfigurationPlatforms) = preSolution
		Debug|Any CPU = Debug|Any CPU
		Release|Any CPU = Release|Any CPU
	EndGlobalSection
	GlobalSection(ProjectConfigurationPlatforms) = postSolution
		{D74090D3-83EE-4E3B-9A10-1DD35A4F2ED4}.Debug|Any CPU.ActiveCfg = Debug|Any CPU
		{D74090D3-83EE-4E3B-9A10-1DD35A4F2ED4}.Debug|Any CPU.Build.0 = Debug|Any CPU
		{D74090D3-83EE-4E3B-9A10-1DD35A4F2ED4}.Release|Any CPU.ActiveCfg = Release|Any CPU
		{D74090D3-83EE-4E3B-9A10-1DD35A4F2ED4}.Release|Any CPU.Build.0 = Release|Any CPU
	EndGlobalSection
	GlobalSection(SolutionProperties) = preSolution
		HideSolutionNode = FALSE
	EndGlobalSection
	GlobalSection(ExtensibilityGlobals) = postSolution
		SolutionGuid = {02D7BE9B-7D56-4148-86EE-9F5D54901628}
	EndGlobalSection
EndGlobal
